// !$*UTF8*$!
{
	archiveVersion = 1;
	classes = {
	};
	objectVersion = 46;
	objects = {

/* Begin PBXBuildFile section */
		90DFED431AAE661200820A17 /* main.m in Sources */ = {isa = PBXBuildFile; fileRef = 90DFED421AAE661200820A17 /* main.m */; };
		90DFED461AAE661200820A17 /* AppDelegate.m in Sources */ = {isa = PBXBuildFile; fileRef = 90DFED451AAE661200820A17 /* AppDelegate.m */; };
		90DFED491AAE661200820A17 /* ContatosIP67.xcdatamodeld in Sources */ = {isa = PBXBuildFile; fileRef = 90DFED471AAE661200820A17 /* ContatosIP67.xcdatamodeld */; };
		90DFED4C1AAE661200820A17 /* ViewController.m in Sources */ = {isa = PBXBuildFile; fileRef = 90DFED4B1AAE661200820A17 /* ViewController.m */; };
		90DFED4F1AAE661200820A17 /* Main.storyboard in Resources */ = {isa = PBXBuildFile; fileRef = 90DFED4D1AAE661200820A17 /* Main.storyboard */; };
		90DFED511AAE661200820A17 /* Images.xcassets in Resources */ = {isa = PBXBuildFile; fileRef = 90DFED501AAE661200820A17 /* Images.xcassets */; };
		90DFED541AAE661200820A17 /* LaunchScreen.xib in Resources */ = {isa = PBXBuildFile; fileRef = 90DFED521AAE661200820A17 /* LaunchScreen.xib */; };
		90DFED601AAE661200820A17 /* ContatosIP67Tests.m in Sources */ = {isa = PBXBuildFile; fileRef = 90DFED5F1AAE661200820A17 /* ContatosIP67Tests.m */; };
/* End PBXBuildFile section */

/* Begin PBXContainerItemProxy section */
		90DFED5A1AAE661200820A17 /* PBXContainerItemProxy */ = {
			isa = PBXContainerItemProxy;
			containerPortal = 90DFED351AAE661100820A17 /* Project object */;
			proxyType = 1;
			remoteGlobalIDString = 90DFED3C1AAE661200820A17;
			remoteInfo = ContatosIP67;
		};
/* End PBXContainerItemProxy section */

/* Begin PBXFileReference section */
		90DFED3D1AAE661200820A17 /* ContatosIP67.app */ = {isa = PBXFileReference; explicitFileType = wrapper.application; includeInIndex = 0; path = ContatosIP67.app; sourceTree = BUILT_PRODUCTS_DIR; };
		90DFED411AAE661200820A17 /* Info.plist */ = {isa = PBXFileReference; lastKnownFileType = text.plist.xml; path = Info.plist; sourceTree = "<group>"; };
		90DFED421AAE661200820A17 /* main.m */ = {isa = PBXFileReference; lastKnownFileType = sourcecode.c.objc; path = main.m; sourceTree = "<group>"; };
		90DFED441AAE661200820A17 /* AppDelegate.h */ = {isa = PBXFileReference; lastKnownFileType = sourcecode.c.h; path = AppDelegate.h; sourceTree = "<group>"; };
		90DFED451AAE661200820A17 /* AppDelegate.m */ = {isa = PBXFileReference; lastKnownFileType = sourcecode.c.objc; path = AppDelegate.m; sourceTree = "<group>"; };
		90DFED481AAE661200820A17 /* ContatosIP67.xcdatamodel */ = {isa = PBXFileReference; lastKnownFileType = wrapper.xcdatamodel; path = ContatosIP67.xcdatamodel; sourceTree = "<group>"; };
		90DFED4A1AAE661200820A17 /* ViewController.h */ = {isa = PBXFileReference; lastKnownFileType = sourcecode.c.h; path = ViewController.h; sourceTree = "<group>"; };
		90DFED4B1AAE661200820A17 /* ViewController.m */ = {isa = PBXFileReference; lastKnownFileType = sourcecode.c.objc; path = ViewController.m; sourceTree = "<group>"; };
		90DFED4E1AAE661200820A17 /* Base */ = {isa = PBXFileReference; lastKnownFileType = file.storyboard; name = Base; path = Base.lproj/Main.storyboard; sourceTree = "<group>"; };
		90DFED501AAE661200820A17 /* Images.xcassets */ = {isa = PBXFileReference; lastKnownFileType = folder.assetcatalog; path = Images.xcassets; sourceTree = "<group>"; };
		90DFED531AAE661200820A17 /* Base */ = {isa = PBXFileReference; lastKnownFileType = file.xib; name = Base; path = Base.lproj/LaunchScreen.xib; sourceTree = "<group>"; };
		90DFED591AAE661200820A17 /* ContatosIP67Tests.xctest */ = {isa = PBXFileReference; explicitFileType = wrapper.cfbundle; includeInIndex = 0; path = ContatosIP67Tests.xctest; sourceTree = BUILT_PRODUCTS_DIR; };
		90DFED5E1AAE661200820A17 /* Info.plist */ = {isa = PBXFileReference; lastKnownFileType = text.plist.xml; path = Info.plist; sourceTree = "<group>"; };
		90DFED5F1AAE661200820A17 /* ContatosIP67Tests.m */ = {isa = PBXFileReference; lastKnownFileType = sourcecode.c.objc; path = ContatosIP67Tests.m; sourceTree = "<group>"; };
/* End PBXFileReference section */

/* Begin PBXFrameworksBuildPhase section */
		90DFED3A1AAE661200820A17 /* Frameworks */ = {
			isa = PBXFrameworksBuildPhase;
			buildActionMask = 2147483647;
			files = (
			);
			runOnlyForDeploymentPostprocessing = 0;
		};
		90DFED561AAE661200820A17 /* Frameworks */ = {
			isa = PBXFrameworksBuildPhase;
			buildActionMask = 2147483647;
			files = (
			);
			runOnlyForDeploymentPostprocessing = 0;
		};
/* End PBXFrameworksBuildPhase section */

/* Begin PBXGroup section */
		90DFED341AAE661100820A17 = {
			isa = PBXGroup;
			children = (
				90DFED3F1AAE661200820A17 /* ContatosIP67 */,
				90DFED5C1AAE661200820A17 /* ContatosIP67Tests */,
				90DFED3E1AAE661200820A17 /* Products */,
			);
			sourceTree = "<group>";
		};
		90DFED3E1AAE661200820A17 /* Products */ = {
			isa = PBXGroup;
			children = (
				90DFED3D1AAE661200820A17 /* ContatosIP67.app */,
				90DFED591AAE661200820A17 /* ContatosIP67Tests.xctest */,
			);
			name = Products;
			sourceTree = "<group>";
		};
		90DFED3F1AAE661200820A17 /* ContatosIP67 */ = {
			isa = PBXGroup;
			children = (
				90DFED441AAE661200820A17 /* AppDelegate.h */,
				90DFED451AAE661200820A17 /* AppDelegate.m */,
				90DFED4A1AAE661200820A17 /* ViewController.h */,
				90DFED4B1AAE661200820A17 /* ViewController.m */,
				90DFED4D1AAE661200820A17 /* Main.storyboard */,
				90DFED501AAE661200820A17 /* Images.xcassets */,
				90DFED521AAE661200820A17 /* LaunchScreen.xib */,
				90DFED471AAE661200820A17 /* ContatosIP67.xcdatamodeld */,
				90DFED401AAE661200820A17 /* Supporting Files */,
			);
			path = ContatosIP67;
			sourceTree = "<group>";
		};
		90DFED401AAE661200820A17 /* Supporting Files */ = {
			isa = PBXGroup;
			children = (
				90DFED411AAE661200820A17 /* Info.plist */,
				90DFED421AAE661200820A17 /* main.m */,
			);
			name = "Supporting Files";
			sourceTree = "<group>";
		};
		90DFED5C1AAE661200820A17 /* ContatosIP67Tests */ = {
			isa = PBXGroup;
			children = (
				90DFED5F1AAE661200820A17 /* ContatosIP67Tests.m */,
				90DFED5D1AAE661200820A17 /* Supporting Files */,
			);
			path = ContatosIP67Tests;
			sourceTree = "<group>";
		};
		90DFED5D1AAE661200820A17 /* Supporting Files */ = {
			isa = PBXGroup;
			children = (
				90DFED5E1AAE661200820A17 /* Info.plist */,
			);
			name = "Supporting Files";
			sourceTree = "<group>";
		};
/* End PBXGroup section */

/* Begin PBXNativeTarget section */
		90DFED3C1AAE661200820A17 /* ContatosIP67 */ = {
			isa = PBXNativeTarget;
			buildConfigurationList = 90DFED631AAE661200820A17 /* Build configuration list for PBXNativeTarget "ContatosIP67" */;
			buildPhases = (
				90DFED391AAE661200820A17 /* Sources */,
				90DFED3A1AAE661200820A17 /* Frameworks */,
				90DFED3B1AAE661200820A17 /* Resources */,
			);
			buildRules = (
			);
			dependencies = (
			);
			name = ContatosIP67;
			productName = ContatosIP67;
			productReference = 90DFED3D1AAE661200820A17 /* ContatosIP67.app */;
			productType = "com.apple.product-type.application";
		};
		90DFED581AAE661200820A17 /* ContatosIP67Tests */ = {
			isa = PBXNativeTarget;
			buildConfigurationList = 90DFED661AAE661200820A17 /* Build configuration list for PBXNativeTarget "ContatosIP67Tests" */;
			buildPhases = (
				90DFED551AAE661200820A17 /* Sources */,
				90DFED561AAE661200820A17 /* Frameworks */,
				90DFED571AAE661200820A17 /* Resources */,
			);
			buildRules = (
			);
			dependencies = (
				90DFED5B1AAE661200820A17 /* PBXTargetDependency */,
			);
			name = ContatosIP67Tests;
			productName = ContatosIP67Tests;
			productReference = 90DFED591AAE661200820A17 /* ContatosIP67Tests.xctest */;
			productType = "com.apple.product-type.bundle.unit-test";
		};
/* End PBXNativeTarget section */

/* Begin PBXProject section */
		90DFED351AAE661100820A17 /* Project object */ = {
			isa = PBXProject;
			attributes = {
				LastUpgradeCheck = 0610;
				ORGANIZATIONNAME = ios5034;
				TargetAttributes = {
					90DFED3C1AAE661200820A17 = {
						CreatedOnToolsVersion = 6.1.1;
					};
					90DFED581AAE661200820A17 = {
						CreatedOnToolsVersion = 6.1.1;
						TestTargetID = 90DFED3C1AAE661200820A17;
					};
				};
			};
			buildConfigurationList = 90DFED381AAE661100820A17 /* Build configuration list for PBXProject "ContatosIP67" */;
			compatibilityVersion = "Xcode 3.2";
			developmentRegion = English;
			hasScannedForEncodings = 0;
			knownRegions = (
				en,
				Base,
			);
			mainGroup = 90DFED341AAE661100820A17;
			productRefGroup = 90DFED3E1AAE661200820A17 /* Products */;
			projectDirPath = "";
			projectRoot = "";
			targets = (
				90DFED3C1AAE661200820A17 /* ContatosIP67 */,
				90DFED581AAE661200820A17 /* ContatosIP67Tests */,
			);
		};
/* End PBXProject section */

/* Begin PBXResourcesBuildPhase section */
		90DFED3B1AAE661200820A17 /* Resources */ = {
			isa = PBXResourcesBuildPhase;
			buildActionMask = 2147483647;
			files = (
				90DFED4F1AAE661200820A17 /* Main.storyboard in Resources */,
				90DFED541AAE661200820A17 /* LaunchScreen.xib in Resources */,
				90DFED511AAE661200820A17 /* Images.xcassets in Resources */,
			);
			runOnlyForDeploymentPostprocessing = 0;
		};
		90DFED571AAE661200820A17 /* Resources */ = {
			isa = PBXResourcesBuildPhase;
			buildActionMask = 2147483647;
			files = (
			);
			runOnlyForDeploymentPostprocessing = 0;
		};
/* End PBXResourcesBuildPhase section */

/* Begin PBXSourcesBuildPhase section */
		90DFED391AAE661200820A17 /* Sources */ = {
			isa = PBXSourcesBuildPhase;
			buildActionMask = 2147483647;
			files = (
				90DFED461AAE661200820A17 /* AppDelegate.m in Sources */,
				90DFED491AAE661200820A17 /* ContatosIP67.xcdatamodeld in Sources */,
				90DFED4C1AAE661200820A17 /* ViewController.m in Sources */,
				90DFED431AAE661200820A17 /* main.m in Sources */,
			);
			runOnlyForDeploymentPostprocessing = 0;
		};
		90DFED551AAE661200820A17 /* Sources */ = {
			isa = PBXSourcesBuildPhase;
			buildActionMask = 2147483647;
			files = (
				90DFED601AAE661200820A17 /* ContatosIP67Tests.m in Sources */,
			);
			runOnlyForDeploymentPostprocessing = 0;
		};
/* End PBXSourcesBuildPhase section */

/* Begin PBXTargetDependency section */
		90DFED5B1AAE661200820A17 /* PBXTargetDependency */ = {
			isa = PBXTargetDependency;
			target = 90DFED3C1AAE661200820A17 /* ContatosIP67 */;
			targetProxy = 90DFED5A1AAE661200820A17 /* PBXContainerItemProxy */;
		};
/* End PBXTargetDependency section */

/* Begin PBXVariantGroup section */
		90DFED4D1AAE661200820A17 /* Main.storyboard */ = {
			isa = PBXVariantGroup;
			children = (
				90DFED4E1AAE661200820A17 /* Base */,
			);
			name = Main.storyboard;
			sourceTree = "<group>";
		};
		90DFED521AAE661200820A17 /* LaunchScreen.xib */ = {
			isa = PBXVariantGroup;
			children = (
				90DFED531AAE661200820A17 /* Base */,
			);
			name = LaunchScreen.xib;
			sourceTree = "<group>";
		};
/* End PBXVariantGroup section */

/* Begin XCBuildConfiguration section */
		90DFED611AAE661200820A17 /* Debug */ = {
			isa = XCBuildConfiguration;
			buildSettings = {
				ALWAYS_SEARCH_USER_PATHS = NO;
				CLANG_CXX_LANGUAGE_STANDARD = "gnu++0x";
				CLANG_CXX_LIBRARY = "libc++";
				CLANG_ENABLE_MODULES = YES;
				CLANG_ENABLE_OBJC_ARC = YES;
				CLANG_WARN_BOOL_CONVERSION = YES;
				CLANG_WARN_CONSTANT_CONVERSION = YES;
				CLANG_WARN_DIRECT_OBJC_ISA_USAGE = YES_ERROR;
				CLANG_WARN_EMPTY_BODY = YES;
				CLANG_WARN_ENUM_CONVERSION = YES;
				CLANG_WARN_INT_CONVERSION = YES;
				CLANG_WARN_OBJC_ROOT_CLASS = YES_ERROR;
				CLANG_WARN_UNREACHABLE_CODE = YES;
				CLANG_WARN__DUPLICATE_METHOD_MATCH = YES;
				"CODE_SIGN_IDENTITY[sdk=iphoneos*]" = "iPhone Developer";
				COPY_PHASE_STRIP = NO;
				ENABLE_STRICT_OBJC_MSGSEND = YES;
				GCC_C_LANGUAGE_STANDARD = gnu99;
				GCC_DYNAMIC_NO_PIC = NO;
				GCC_OPTIMIZATION_LEVEL = 0;
				GCC_PREPROCESSOR_DEFINITIONS = (
					"DEBUG=1",
					"$(inherited)",
				);
				GCC_SYMBOLS_PRIVATE_EXTERN = NO;
				GCC_WARN_64_TO_32_BIT_CONVERSION = YES;
				GCC_WARN_ABOUT_RETURN_TYPE = YES_ERROR;
				GCC_WARN_UNDECLARED_SELECTOR = YES;
				GCC_WARN_UNINITIALIZED_AUTOS = YES_AGGRESSIVE;
				GCC_WARN_UNUSED_FUNCTION = YES;
				GCC_WARN_UNUSED_VARIABLE = YES;
				IPHONEOS_DEPLOYMENT_TARGET = 8.1;
				MTL_ENABLE_DEBUG_INFO = YES;
				ONLY_ACTIVE_ARCH = YES;
				SDKROOT = iphoneos;
			};
			name = Debug;
		};
		90DFED621AAE661200820A17 /* Release */ = {
			isa = XCBuildConfiguration;
			buildSettings = {
				ALWAYS_SEARCH_USER_PATHS = NO;
				CLANG_CXX_LANGUAGE_STANDARD = "gnu++0x";
				CLANG_CXX_LIBRARY = "libc++";
				CLANG_ENABLE_MODULES = YES;
				CLANG_ENABLE_OBJC_ARC = YES;
				CLANG_WARN_BOOL_CONVERSION = YES;
				CLANG_WARN_CONSTANT_CONVERSION = YES;
				CLANG_WARN_DIRECT_OBJC_ISA_USAGE = YES_ERROR;
				CLANG_WARN_EMPTY_BODY = YES;
				CLANG_WARN_ENUM_CONVERSION = YES;
				CLANG_WARN_INT_CONVERSION = YES;
				CLANG_WARN_OBJC_ROOT_CLASS = YES_ERROR;
				CLANG_WARN_UNREACHABLE_CODE = YES;
				CLANG_WARN__DUPLICATE_METHOD_MATCH = YES;
				"CODE_SIGN_IDENTITY[sdk=iphoneos*]" = "iPhone Developer";
				COPY_PHASE_STRIP = YES;
				ENABLE_NS_ASSERTIONS = NO;
				ENABLE_STRICT_OBJC_MSGSEND = YES;
				GCC_C_LANGUAGE_STANDARD = gnu99;
				GCC_WARN_64_TO_32_BIT_CONVERSION = YES;
				GCC_WARN_ABOUT_RETURN_TYPE = YES_ERROR;
				GCC_WARN_UNDECLARED_SELECTOR = YES;
				GCC_WARN_UNINITIALIZED_AUTOS = YES_AGGRESSIVE;
				GCC_WARN_UNUSED_FUNCTION = YES;
				GCC_WARN_UNUSED_VARIABLE = YES;
				IPHONEOS_DEPLOYMENT_TARGET = 8.1;
				MTL_ENABLE_DEBUG_INFO = NO;
				SDKROOT = iphoneos;
				VALIDATE_PRODUCT = YES;
			};
			name = Release;
		};
		90DFED641AAE661200820A17 /* Debug */ = {
			isa = XCBuildConfiguration;
			buildSettings = {
				ASSETCATALOG_COMPILER_APPICON_NAME = AppIcon;
				INFOPLIST_FILE = ContatosIP67/Info.plist;
				LD_RUNPATH_SEARCH_PATHS = "$(inherited) @executable_path/Frameworks";
				PRODUCT_NAME = "$(TARGET_NAME)";
			};
			name = Debug;
		};
		90DFED651AAE661200820A17 /* Release */ = {
			isa = XCBuildConfiguration;
			buildSettings = {
				ASSETCATALOG_COMPILER_APPICON_NAME = AppIcon;
				INFOPLIST_FILE = ContatosIP67/Info.plist;
				LD_RUNPATH_SEARCH_PATHS = "$(inherited) @executable_path/Frameworks";
				PRODUCT_NAME = "$(TARGET_NAME)";
			};
			name = Release;
		};
		90DFED671AAE661200820A17 /* Debug */ = {
			isa = XCBuildConfiguration;
			buildSettings = {
				BUNDLE_LOADER = "$(TEST_HOST)";
				FRAMEWORK_SEARCH_PATHS = (
					"$(SDKROOT)/Developer/Library/Frameworks",
					"$(inherited)",
				);
				GCC_PREPROCESSOR_DEFINITIONS = (
					"DEBUG=1",
					"$(inherited)",
				);
				INFOPLIST_FILE = ContatosIP67Tests/Info.plist;
				LD_RUNPATH_SEARCH_PATHS = "$(inherited) @executable_path/Frameworks @loader_path/Frameworks";
				PRODUCT_NAME = "$(TARGET_NAME)";
				TEST_HOST = "$(BUILT_PRODUCTS_DIR)/ContatosIP67.app/ContatosIP67";
			};
			name = Debug;
		};
		90DFED681AAE661200820A17 /* Release */ = {
			isa = XCBuildConfiguration;
			buildSettings = {
				BUNDLE_LOADER = "$(TEST_HOST)";
				FRAMEWORK_SEARCH_PATHS = (
					"$(SDKROOT)/Developer/Library/Frameworks",
					"$(inherited)",
				);
				INFOPLIST_FILE = ContatosIP67Tests/Info.plist;
				LD_RUNPATH_SEARCH_PATHS = "$(inherited) @executable_path/Frameworks @loader_path/Frameworks";
				PRODUCT_NAME = "$(TARGET_NAME)";
				TEST_HOST = "$(BUILT_PRODUCTS_DIR)/ContatosIP67.app/ContatosIP67";
			};
			name = Release;
		};
/* End XCBuildConfiguration section */

/* Begin XCConfigurationList section */
		90DFED381AAE661100820A17 /* Build configuration list for PBXProject "ContatosIP67" */ = {
			isa = XCConfigurationList;
			buildConfigurations = (
				90DFED611AAE661200820A17 /* Debug */,
				90DFED621AAE661200820A17 /* Release */,
			);
			defaultConfigurationIsVisible = 0;
			defaultConfigurationName = Release;
		};
		90DFED631AAE661200820A17 /* Build configuration list for PBXNativeTarget "ContatosIP67" */ = {
			isa = XCConfigurationList;
			buildConfigurations = (
				90DFED641AAE661200820A17 /* Debug */,
				90DFED651AAE661200820A17 /* Release */,
			);
			defaultConfigurationIsVisible = 0;
		};
		90DFED661AAE661200820A17 /* Build configuration list for PBXNativeTarget "ContatosIP67Tests" */ = {
			isa = XCConfigurationList;
			buildConfigurations = (
				90DFED671AAE661200820A17 /* Debug */,
				90DFED681AAE661200820A17 /* Release */,
			);
			defaultConfigurationIsVisible = 0;
		};
/* End XCConfigurationList section */

/* Begin XCVersionGroup section */
		90DFED471AAE661200820A17 /* ContatosIP67.xcdatamodeld */ = {
			isa = XCVersionGroup;
			children = (
				90DFED481AAE661200820A17 /* ContatosIP67.xcdatamodel */,
			);
			currentVersion = 90DFED481AAE661200820A17 /* ContatosIP67.xcdatamodel */;
			path = ContatosIP67.xcdatamodeld;
			sourceTree = "<group>";
			versionGroupType = wrapper.xcdatamodel;
		};
/* End XCVersionGroup section */
	};
	rootObject = 90DFED351AAE661100820A17 /* Project object */;
}
